
Microsoft Visual Studio Solution File, Format Version 12.00
# Visual Studio Version 16
VisualStudioVersion = 16.0.31313.79
MinimumVisualStudioVersion = 10.0.40219.1
Project("{9A19103F-16F7-4668-BE54-9A1E7A4F7556}") = "Mathtone.MIST", "Mathtone.MIST\Mathtone.MIST.csproj", "{A0625D95-3D4B-449D-8B13-A806C5F17CA7}"
EndProject
Project("{9A19103F-16F7-4668-BE54-9A1E7A4F7556}") = "Mathtone.MIST.Builder", "Mathtone.MIST.Builder\Mathtone.MIST.Builder.csproj", "{D367664D-44FF-4FA9-BCA0-B40A5A4C4577}"
EndProject
Project("{2150E333-8FDC-42A3-9474-1A3956D46DE8}") = "_Solution Items", "_Solution Items", "{BCDB1CAB-3A61-49B1-8E1F-BEB05BA3A590}"
	ProjectSection(SolutionItems) = preProject
		MIST_LICENSE.txt = MIST_LICENSE.txt
	EndProjectSection
EndProject
Project("{2150E333-8FDC-42A3-9474-1A3956D46DE8}") = "Tests", "Tests", "{E326ADCC-20FD-47CD-8FAC-EC157424ABC9}"
EndProject
Project("{FAE04EC0-301F-11D3-BF4B-00C04F79EFBC}") = "Mathtone.MIST.Tests.TestNotifier", "Tests\Mathtone.MIST.Tests.TestNotifier\Mathtone.MIST.Tests.TestNotifier.csproj", "{F7B113EF-1376-4E51-933A-BA3F5F0AD57A}"
EndProject
Project("{FAE04EC0-301F-11D3-BF4B-00C04F79EFBC}") = "Mathtone.MIST.Tests.UnitTests", "Tests\Mathtone.MIST.Tests.UnitTests\Mathtone.MIST.Tests.UnitTests.csproj", "{9CB80834-033E-4790-8F2F-823563E4B9BD}"
EndProject
Project("{FAE04EC0-301F-11D3-BF4B-00C04F79EFBC}") = "Mathtone.MIST.Tests.NotifierBase", "Tests\Mathtone.MIST.Tests.NotifierBase\Mathtone.MIST.Tests.NotifierBase.csproj", "{2B849608-BB74-456B-89C2-16ABAA185718}"
EndProject
Project("{2150E333-8FDC-42A3-9474-1A3956D46DE8}") = "Support", "Support", "{7715EBCE-048E-43D6-B25B-6001622F122B}"
EndProject
Project("{2150E333-8FDC-42A3-9474-1A3956D46DE8}") = "Core", "Core", "{735471C7-0051-404A-8DE4-3588AC2F823A}"
EndProject
Global
	GlobalSection(SolutionConfigurationPlatforms) = preSolution
		Debug|Any CPU = Debug|Any CPU
		net_2_0_Release|Any CPU = net_2_0_Release|Any CPU
		net_3_5_Debug|Any CPU = net_3_5_Debug|Any CPU
		net_3_5_Release|Any CPU = net_3_5_Release|Any CPU
		net_4_0_Debug|Any CPU = net_4_0_Debug|Any CPU
		net_4_0_Release|Any CPU = net_4_0_Release|Any CPU
		net_4_5_Debug|Any CPU = net_4_5_Debug|Any CPU
		net_4_5_Release|Any CPU = net_4_5_Release|Any CPU
		net_4_6_debug|Any CPU = net_4_6_debug|Any CPU
		net_4_6_Release|Any CPU = net_4_6_Release|Any CPU
		net_4_7_debug|Any CPU = net_4_7_debug|Any CPU
		net_4_7_release|Any CPU = net_4_7_release|Any CPU
		pcl_Debug|Any CPU = pcl_Debug|Any CPU
		pcl_Release|Any CPU = pcl_Release|Any CPU
		Release|Any CPU = Release|Any CPU
	EndGlobalSection
	GlobalSection(ProjectConfigurationPlatforms) = postSolution
		{A0625D95-3D4B-449D-8B13-A806C5F17CA7}.Debug|Any CPU.ActiveCfg = Debug|Any CPU
		{A0625D95-3D4B-449D-8B13-A806C5F17CA7}.Debug|Any CPU.Build.0 = Debug|Any CPU
		{A0625D95-3D4B-449D-8B13-A806C5F17CA7}.net_2_0_Release|Any CPU.ActiveCfg = Release|Any CPU
		{A0625D95-3D4B-449D-8B13-A806C5F17CA7}.net_2_0_Release|Any CPU.Build.0 = Release|Any CPU
		{A0625D95-3D4B-449D-8B13-A806C5F17CA7}.net_3_5_Debug|Any CPU.ActiveCfg = Debug|Any CPU
		{A0625D95-3D4B-449D-8B13-A806C5F17CA7}.net_3_5_Debug|Any CPU.Build.0 = Debug|Any CPU
		{A0625D95-3D4B-449D-8B13-A806C5F17CA7}.net_3_5_Release|Any CPU.ActiveCfg = Release|Any CPU
		{A0625D95-3D4B-449D-8B13-A806C5F17CA7}.net_3_5_Release|Any CPU.Build.0 = Release|Any CPU
		{A0625D95-3D4B-449D-8B13-A806C5F17CA7}.net_4_0_Debug|Any CPU.ActiveCfg = Debug|Any CPU
		{A0625D95-3D4B-449D-8B13-A806C5F17CA7}.net_4_0_Debug|Any CPU.Build.0 = Debug|Any CPU
		{A0625D95-3D4B-449D-8B13-A806C5F17CA7}.net_4_0_Release|Any CPU.ActiveCfg = net_4_0_release|Any CPU
		{A0625D95-3D4B-449D-8B13-A806C5F17CA7}.net_4_0_Release|Any CPU.Build.0 = net_4_0_release|Any CPU
		{A0625D95-3D4B-449D-8B13-A806C5F17CA7}.net_4_5_Debug|Any CPU.ActiveCfg = Debug|Any CPU
		{A0625D95-3D4B-449D-8B13-A806C5F17CA7}.net_4_5_Debug|Any CPU.Build.0 = Debug|Any CPU
		{A0625D95-3D4B-449D-8B13-A806C5F17CA7}.net_4_5_Release|Any CPU.ActiveCfg = net_4_5_release|Any CPU
		{A0625D95-3D4B-449D-8B13-A806C5F17CA7}.net_4_5_Release|Any CPU.Build.0 = net_4_5_release|Any CPU
		{A0625D95-3D4B-449D-8B13-A806C5F17CA7}.net_4_6_debug|Any CPU.ActiveCfg = Debug|Any CPU
		{A0625D95-3D4B-449D-8B13-A806C5F17CA7}.net_4_6_debug|Any CPU.Build.0 = Debug|Any CPU
		{A0625D95-3D4B-449D-8B13-A806C5F17CA7}.net_4_6_Release|Any CPU.ActiveCfg = net_4_6_release|Any CPU
		{A0625D95-3D4B-449D-8B13-A806C5F17CA7}.net_4_6_Release|Any CPU.Build.0 = net_4_6_release|Any CPU
		{A0625D95-3D4B-449D-8B13-A806C5F17CA7}.net_4_7_debug|Any CPU.ActiveCfg = net_4_7_debug|Any CPU
		{A0625D95-3D4B-449D-8B13-A806C5F17CA7}.net_4_7_debug|Any CPU.Build.0 = net_4_7_debug|Any CPU
		{A0625D95-3D4B-449D-8B13-A806C5F17CA7}.net_4_7_release|Any CPU.ActiveCfg = net_4_7_release|Any CPU
		{A0625D95-3D4B-449D-8B13-A806C5F17CA7}.net_4_7_release|Any CPU.Build.0 = net_4_7_release|Any CPU
		{A0625D95-3D4B-449D-8B13-A806C5F17CA7}.pcl_Debug|Any CPU.ActiveCfg = Debug|Any CPU
		{A0625D95-3D4B-449D-8B13-A806C5F17CA7}.pcl_Debug|Any CPU.Build.0 = Debug|Any CPU
		{A0625D95-3D4B-449D-8B13-A806C5F17CA7}.pcl_Release|Any CPU.ActiveCfg = Release|Any CPU
		{A0625D95-3D4B-449D-8B13-A806C5F17CA7}.pcl_Release|Any CPU.Build.0 = Release|Any CPU
		{A0625D95-3D4B-449D-8B13-A806C5F17CA7}.Release|Any CPU.ActiveCfg = Release|Any CPU
		{A0625D95-3D4B-449D-8B13-A806C5F17CA7}.Release|Any CPU.Build.0 = Release|Any CPU
		{D367664D-44FF-4FA9-BCA0-B40A5A4C4577}.Debug|Any CPU.ActiveCfg = Debug|Any CPU
		{D367664D-44FF-4FA9-BCA0-B40A5A4C4577}.Debug|Any CPU.Build.0 = Debug|Any CPU
		{D367664D-44FF-4FA9-BCA0-B40A5A4C4577}.net_2_0_Release|Any CPU.ActiveCfg = Release|Any CPU
		{D367664D-44FF-4FA9-BCA0-B40A5A4C4577}.net_2_0_Release|Any CPU.Build.0 = Release|Any CPU
		{D367664D-44FF-4FA9-BCA0-B40A5A4C4577}.net_3_5_Debug|Any CPU.ActiveCfg = Debug|Any CPU
		{D367664D-44FF-4FA9-BCA0-B40A5A4C4577}.net_3_5_Debug|Any CPU.Build.0 = Debug|Any CPU
		{D367664D-44FF-4FA9-BCA0-B40A5A4C4577}.net_3_5_Release|Any CPU.ActiveCfg = Release|Any CPU
		{D367664D-44FF-4FA9-BCA0-B40A5A4C4577}.net_3_5_Release|Any CPU.Build.0 = Release|Any CPU
		{D367664D-44FF-4FA9-BCA0-B40A5A4C4577}.net_4_0_Debug|Any CPU.ActiveCfg = Debug|Any CPU
		{D367664D-44FF-4FA9-BCA0-B40A5A4C4577}.net_4_0_Debug|Any CPU.Build.0 = Debug|Any CPU
		{D367664D-44FF-4FA9-BCA0-B40A5A4C4577}.net_4_0_Release|Any CPU.ActiveCfg = net_4_0_release|Any CPU
		{D367664D-44FF-4FA9-BCA0-B40A5A4C4577}.net_4_0_Release|Any CPU.Build.0 = net_4_0_release|Any CPU
		{D367664D-44FF-4FA9-BCA0-B40A5A4C4577}.net_4_5_Debug|Any CPU.ActiveCfg = Debug|Any CPU
		{D367664D-44FF-4FA9-BCA0-B40A5A4C4577}.net_4_5_Debug|Any CPU.Build.0 = Debug|Any CPU
		{D367664D-44FF-4FA9-BCA0-B40A5A4C4577}.net_4_5_Release|Any CPU.ActiveCfg = net_4_5_release|Any CPU
		{D367664D-44FF-4FA9-BCA0-B40A5A4C4577}.net_4_5_Release|Any CPU.Build.0 = net_4_5_release|Any CPU
		{D367664D-44FF-4FA9-BCA0-B40A5A4C4577}.net_4_6_debug|Any CPU.ActiveCfg = Debug|Any CPU
		{D367664D-44FF-4FA9-BCA0-B40A5A4C4577}.net_4_6_Release|Any CPU.ActiveCfg = net_4_6_release|Any CPU
		{D367664D-44FF-4FA9-BCA0-B40A5A4C4577}.net_4_6_Release|Any CPU.Build.0 = net_4_6_release|Any CPU
		{D367664D-44FF-4FA9-BCA0-B40A5A4C4577}.net_4_7_debug|Any CPU.ActiveCfg = net_4_7_debug|Any CPU
		{D367664D-44FF-4FA9-BCA0-B40A5A4C4577}.net_4_7_release|Any CPU.ActiveCfg = net_4_7_release|Any CPU
		{D367664D-44FF-4FA9-BCA0-B40A5A4C4577}.net_4_7_release|Any CPU.Build.0 = net_4_7_release|Any CPU
		{D367664D-44FF-4FA9-BCA0-B40A5A4C4577}.pcl_Debug|Any CPU.ActiveCfg = Debug|Any CPU
		{D367664D-44FF-4FA9-BCA0-B40A5A4C4577}.pcl_Debug|Any CPU.Build.0 = Debug|Any CPU
		{D367664D-44FF-4FA9-BCA0-B40A5A4C4577}.pcl_Release|Any CPU.ActiveCfg = Release|Any CPU
		{D367664D-44FF-4FA9-BCA0-B40A5A4C4577}.pcl_Release|Any CPU.Build.0 = Release|Any CPU
		{D367664D-44FF-4FA9-BCA0-B40A5A4C4577}.Release|Any CPU.ActiveCfg = Release|Any CPU
		{D367664D-44FF-4FA9-BCA0-B40A5A4C4577}.Release|Any CPU.Build.0 = Release|Any CPU
		{F7B113EF-1376-4E51-933A-BA3F5F0AD57A}.Debug|Any CPU.ActiveCfg = Debug|Any CPU
		{F7B113EF-1376-4E51-933A-BA3F5F0AD57A}.Debug|Any CPU.Build.0 = Debug|Any CPU
		{F7B113EF-1376-4E51-933A-BA3F5F0AD57A}.net_2_0_Release|Any CPU.ActiveCfg = Release|Any CPU
		{F7B113EF-1376-4E51-933A-BA3F5F0AD57A}.net_2_0_Release|Any CPU.Build.0 = Release|Any CPU
		{F7B113EF-1376-4E51-933A-BA3F5F0AD57A}.net_3_5_Debug|Any CPU.ActiveCfg = Debug|Any CPU
		{F7B113EF-1376-4E51-933A-BA3F5F0AD57A}.net_3_5_Debug|Any CPU.Build.0 = Debug|Any CPU
		{F7B113EF-1376-4E51-933A-BA3F5F0AD57A}.net_3_5_Release|Any CPU.ActiveCfg = Release|Any CPU
		{F7B113EF-1376-4E51-933A-BA3F5F0AD57A}.net_3_5_Release|Any CPU.Build.0 = Release|Any CPU
		{F7B113EF-1376-4E51-933A-BA3F5F0AD57A}.net_4_0_Debug|Any CPU.ActiveCfg = Debug|Any CPU
		{F7B113EF-1376-4E51-933A-BA3F5F0AD57A}.net_4_0_Debug|Any CPU.Build.0 = Debug|Any CPU
		{F7B113EF-1376-4E51-933A-BA3F5F0AD57A}.net_4_0_Release|Any CPU.ActiveCfg = net_4_0_release|Any CPU
		{F7B113EF-1376-4E51-933A-BA3F5F0AD57A}.net_4_0_Release|Any CPU.Build.0 = net_4_0_release|Any CPU
		{F7B113EF-1376-4E51-933A-BA3F5F0AD57A}.net_4_5_Debug|Any CPU.ActiveCfg = Debug|Any CPU
		{F7B113EF-1376-4E51-933A-BA3F5F0AD57A}.net_4_5_Debug|Any CPU.Build.0 = Debug|Any CPU
		{F7B113EF-1376-4E51-933A-BA3F5F0AD57A}.net_4_5_Release|Any CPU.ActiveCfg = net_4_5_release|Any CPU
		{F7B113EF-1376-4E51-933A-BA3F5F0AD57A}.net_4_5_Release|Any CPU.Build.0 = net_4_5_release|Any CPU
		{F7B113EF-1376-4E51-933A-BA3F5F0AD57A}.net_4_6_debug|Any CPU.ActiveCfg = Release|Any CPU
		{F7B113EF-1376-4E51-933A-BA3F5F0AD57A}.net_4_6_debug|Any CPU.Build.0 = Release|Any CPU
		{F7B113EF-1376-4E51-933A-BA3F5F0AD57A}.net_4_6_Release|Any CPU.ActiveCfg = net_4_6_release|Any CPU
		{F7B113EF-1376-4E51-933A-BA3F5F0AD57A}.net_4_6_Release|Any CPU.Build.0 = net_4_6_release|Any CPU
		{F7B113EF-1376-4E51-933A-BA3F5F0AD57A}.net_4_7_debug|Any CPU.ActiveCfg = net_4_7_debug|Any CPU
		{F7B113EF-1376-4E51-933A-BA3F5F0AD57A}.net_4_7_debug|Any CPU.Build.0 = net_4_7_debug|Any CPU
		{F7B113EF-1376-4E51-933A-BA3F5F0AD57A}.net_4_7_release|Any CPU.ActiveCfg = net_4_7_release|Any CPU
		{F7B113EF-1376-4E51-933A-BA3F5F0AD57A}.net_4_7_release|Any CPU.Build.0 = net_4_7_release|Any CPU
		{F7B113EF-1376-4E51-933A-BA3F5F0AD57A}.pcl_Debug|Any CPU.ActiveCfg = Debug|Any CPU
		{F7B113EF-1376-4E51-933A-BA3F5F0AD57A}.pcl_Debug|Any CPU.Build.0 = Debug|Any CPU
		{F7B113EF-1376-4E51-933A-BA3F5F0AD57A}.pcl_Release|Any CPU.ActiveCfg = Release|Any CPU
		{F7B113EF-1376-4E51-933A-BA3F5F0AD57A}.pcl_Release|Any CPU.Build.0 = Release|Any CPU
		{F7B113EF-1376-4E51-933A-BA3F5F0AD57A}.Release|Any CPU.ActiveCfg = net_4_6_release|Any CPU
		{F7B113EF-1376-4E51-933A-BA3F5F0AD57A}.Release|Any CPU.Build.0 = net_4_6_release|Any CPU
		{9CB80834-033E-4790-8F2F-823563E4B9BD}.Debug|Any CPU.ActiveCfg = Debug|Any CPU
		{9CB80834-033E-4790-8F2F-823563E4B9BD}.Debug|Any CPU.Build.0 = Debug|Any CPU
		{9CB80834-033E-4790-8F2F-823563E4B9BD}.net_2_0_Release|Any CPU.ActiveCfg = Release|Any CPU
		{9CB80834-033E-4790-8F2F-823563E4B9BD}.net_2_0_Release|Any CPU.Build.0 = Release|Any CPU
		{9CB80834-033E-4790-8F2F-823563E4B9BD}.net_3_5_Debug|Any CPU.ActiveCfg = Debug|Any CPU
		{9CB80834-033E-4790-8F2F-823563E4B9BD}.net_3_5_Debug|Any CPU.Build.0 = Debug|Any CPU
		{9CB80834-033E-4790-8F2F-823563E4B9BD}.net_3_5_Release|Any CPU.ActiveCfg = Release|Any CPU
		{9CB80834-033E-4790-8F2F-823563E4B9BD}.net_3_5_Release|Any CPU.Build.0 = Release|Any CPU
		{9CB80834-033E-4790-8F2F-823563E4B9BD}.net_4_0_Debug|Any CPU.ActiveCfg = Debug|Any CPU
		{9CB80834-033E-4790-8F2F-823563E4B9BD}.net_4_0_Debug|Any CPU.Build.0 = Debug|Any CPU
		{9CB80834-033E-4790-8F2F-823563E4B9BD}.net_4_0_Release|Any CPU.ActiveCfg = net_4_0_release|Any CPU
		{9CB80834-033E-4790-8F2F-823563E4B9BD}.net_4_0_Release|Any CPU.Build.0 = net_4_0_release|Any CPU
		{9CB80834-033E-4790-8F2F-823563E4B9BD}.net_4_5_Debug|Any CPU.ActiveCfg = Debug|Any CPU
		{9CB80834-033E-4790-8F2F-823563E4B9BD}.net_4_5_Debug|Any CPU.Build.0 = Debug|Any CPU
		{9CB80834-033E-4790-8F2F-823563E4B9BD}.net_4_5_Release|Any CPU.ActiveCfg = net_4_5_release|Any CPU
		{9CB80834-033E-4790-8F2F-823563E4B9BD}.net_4_5_Release|Any CPU.Build.0 = net_4_5_release|Any CPU
		{9CB80834-033E-4790-8F2F-823563E4B9BD}.net_4_6_debug|Any CPU.ActiveCfg = Release|Any CPU
		{9CB80834-033E-4790-8F2F-823563E4B9BD}.net_4_6_debug|Any CPU.Build.0 = Release|Any CPU
		{9CB80834-033E-4790-8F2F-823563E4B9BD}.net_4_6_Release|Any CPU.ActiveCfg = net_4_6_release|Any CPU
		{9CB80834-033E-4790-8F2F-823563E4B9BD}.net_4_6_Release|Any CPU.Build.0 = net_4_6_release|Any CPU
		{9CB80834-033E-4790-8F2F-823563E4B9BD}.net_4_7_debug|Any CPU.ActiveCfg = net_4_7_debug|Any CPU
		{9CB80834-033E-4790-8F2F-823563E4B9BD}.net_4_7_debug|Any CPU.Build.0 = net_4_7_debug|Any CPU
		{9CB80834-033E-4790-8F2F-823563E4B9BD}.net_4_7_release|Any CPU.ActiveCfg = net_4_7_release|Any CPU
		{9CB80834-033E-4790-8F2F-823563E4B9BD}.net_4_7_release|Any CPU.Build.0 = net_4_7_release|Any CPU
		{9CB80834-033E-4790-8F2F-823563E4B9BD}.pcl_Debug|Any CPU.ActiveCfg = Debug|Any CPU
		{9CB80834-033E-4790-8F2F-823563E4B9BD}.pcl_Debug|Any CPU.Build.0 = Debug|Any CPU
		{9CB80834-033E-4790-8F2F-823563E4B9BD}.pcl_Release|Any CPU.ActiveCfg = Release|Any CPU
		{9CB80834-033E-4790-8F2F-823563E4B9BD}.pcl_Release|Any CPU.Build.0 = Release|Any CPU
		{9CB80834-033E-4790-8F2F-823563E4B9BD}.Release|Any CPU.ActiveCfg = net_4_6_release|Any CPU
		{9CB80834-033E-4790-8F2F-823563E4B9BD}.Release|Any CPU.Build.0 = net_4_6_release|Any CPU
		{2B849608-BB74-456B-89C2-16ABAA185718}.Debug|Any CPU.ActiveCfg = Debug|Any CPU
		{2B849608-BB74-456B-89C2-16ABAA185718}.Debug|Any CPU.Build.0 = Debug|Any CPU
		{2B849608-BB74-456B-89C2-16ABAA185718}.net_2_0_Release|Any CPU.ActiveCfg = Release|Any CPU
		{2B849608-BB74-456B-89C2-16ABAA185718}.net_2_0_Release|Any CPU.Build.0 = Release|Any CPU
		{2B849608-BB74-456B-89C2-16ABAA185718}.net_3_5_Debug|Any CPU.ActiveCfg = Debug|Any CPU
		{2B849608-BB74-456B-89C2-16ABAA185718}.net_3_5_Debug|Any CPU.Build.0 = Debug|Any CPU
		{2B849608-BB74-456B-89C2-16ABAA185718}.net_3_5_Release|Any CPU.ActiveCfg = Release|Any CPU
		{2B849608-BB74-456B-89C2-16ABAA185718}.net_3_5_Release|Any CPU.Build.0 = Release|Any CPU
		{2B849608-BB74-456B-89C2-16ABAA185718}.net_4_0_Debug|Any CPU.ActiveCfg = Debug|Any CPU
		{2B849608-BB74-456B-89C2-16ABAA185718}.net_4_0_Debug|Any CPU.Build.0 = Debug|Any CPU
		{2B849608-BB74-456B-89C2-16ABAA185718}.net_4_0_Release|Any CPU.ActiveCfg = net_4_0_release|Any CPU
		{2B849608-BB74-456B-89C2-16ABAA185718}.net_4_0_Release|Any CPU.Build.0 = net_4_0_release|Any CPU
		{2B849608-BB74-456B-89C2-16ABAA185718}.net_4_5_Debug|Any CPU.ActiveCfg = Debug|Any CPU
		{2B849608-BB74-456B-89C2-16ABAA185718}.net_4_5_Debug|Any CPU.Build.0 = Debug|Any CPU
		{2B849608-BB74-456B-89C2-16ABAA185718}.net_4_5_Release|Any CPU.ActiveCfg = net_4_5_release|Any CPU
		{2B849608-BB74-456B-89C2-16ABAA185718}.net_4_5_Release|Any CPU.Build.0 = net_4_5_release|Any CPU
		{2B849608-BB74-456B-89C2-16ABAA185718}.net_4_6_debug|Any CPU.ActiveCfg = Release|Any CPU
		{2B849608-BB74-456B-89C2-16ABAA185718}.net_4_6_debug|Any CPU.Build.0 = Release|Any CPU
		{2B849608-BB74-456B-89C2-16ABAA185718}.net_4_6_Release|Any CPU.ActiveCfg = net_4_6_release|Any CPU
		{2B849608-BB74-456B-89C2-16ABAA185718}.net_4_6_Release|Any CPU.Build.0 = net_4_6_release|Any CPU
		{2B849608-BB74-456B-89C2-16ABAA185718}.net_4_7_debug|Any CPU.ActiveCfg = net_4_7_debug|Any CPU
		{2B849608-BB74-456B-89C2-16ABAA185718}.net_4_7_debug|Any CPU.Build.0 = net_4_7_debug|Any CPU
		{2B849608-BB74-456B-89C2-16ABAA185718}.net_4_7_release|Any CPU.ActiveCfg = net_4_7_release|Any CPU
		{2B849608-BB74-456B-89C2-16ABAA185718}.net_4_7_release|Any CPU.Build.0 = net_4_7_release|Any CPU
		{2B849608-BB74-456B-89C2-16ABAA185718}.pcl_Debug|Any CPU.ActiveCfg = Debug|Any CPU
		{2B849608-BB74-456B-89C2-16ABAA185718}.pcl_Debug|Any CPU.Build.0 = Debug|Any CPU
		{2B849608-BB74-456B-89C2-16ABAA185718}.pcl_Release|Any CPU.ActiveCfg = Release|Any CPU
		{2B849608-BB74-456B-89C2-16ABAA185718}.pcl_Release|Any CPU.Build.0 = Release|Any CPU
		{2B849608-BB74-456B-89C2-16ABAA185718}.Release|Any CPU.ActiveCfg = net_4_6_release|Any CPU
		{2B849608-BB74-456B-89C2-16ABAA185718}.Release|Any CPU.Build.0 = net_4_6_release|Any CPU
	EndGlobalSection
	GlobalSection(SolutionProperties) = preSolution
		HideSolutionNode = FALSE
	EndGlobalSection
	GlobalSection(NestedProjects) = preSolution
		{A0625D95-3D4B-449D-8B13-A806C5F17CA7} = {735471C7-0051-404A-8DE4-3588AC2F823A}
		{D367664D-44FF-4FA9-BCA0-B40A5A4C4577} = {735471C7-0051-404A-8DE4-3588AC2F823A}
		{F7B113EF-1376-4E51-933A-BA3F5F0AD57A} = {7715EBCE-048E-43D6-B25B-6001622F122B}
		{9CB80834-033E-4790-8F2F-823563E4B9BD} = {E326ADCC-20FD-47CD-8FAC-EC157424ABC9}
		{2B849608-BB74-456B-89C2-16ABAA185718} = {7715EBCE-048E-43D6-B25B-6001622F122B}
		{7715EBCE-048E-43D6-B25B-6001622F122B} = {E326ADCC-20FD-47CD-8FAC-EC157424ABC9}
	EndGlobalSection
	GlobalSection(ExtensibilityGlobals) = postSolution
		SolutionGuid = {ED78C4A4-EC60-40EF-9A46-843A3E69281A}
	EndGlobalSection
EndGlobal
