
Microsoft Visual Studio Solution File, Format Version 12.00
# Visual Studio Version 16
VisualStudioVersion = 16.0.29123.88
MinimumVisualStudioVersion = 10.0.40219.1
Project("{2150E333-8FDC-42A3-9474-1A3956D46DE8}") = "Solution Items", "Solution Items", "{BCDB1CAB-3A61-49B1-8E1F-BEB05BA3A590}"
	ProjectSection(SolutionItems) = preProject
		MIST_LICENSE.txt = MIST_LICENSE.txt
	EndProjectSection
EndProject
Project("{2150E333-8FDC-42A3-9474-1A3956D46DE8}") = "Tests", "Tests", "{E326ADCC-20FD-47CD-8FAC-EC157424ABC9}"
EndProject
Project("{F5034706-568F-408A-B7B3-4D38C6DB8A32}") = "Mathtone.MIST.Builder.Scripts", "Mathtone.MIST.Builder.Scripts\Mathtone.MIST.Builder.Scripts.pssproj", "{6CAFC0C6-A428-4D30-A9F9-700E829FEA51}"
EndProject
Project("{FAE04EC0-301F-11D3-BF4B-00C04F79EFBC}") = "Mathtone.MIST.Tests.NugetScriptTest", "Tests\Mathtone.MIST.Tests.NugetScriptTest\Mathtone.MIST.Tests.NugetScriptTest.csproj", "{EE44F332-2282-4E09-BFFD-F2A9CCE8D916}"
EndProject
Project("{2150E333-8FDC-42A3-9474-1A3956D46DE8}") = "Nuget Package", "Nuget Package", "{06497501-7922-440F-91C4-738B687B437D}"
EndProject
Project("{FAE04EC0-301F-11D3-BF4B-00C04F79EFBC}") = "Mathtone.MIST", "Mathtone.MIST\Mathtone.MIST.csproj", "{3F47BA43-4A3D-4F54-ACF6-9FEBCB5B36B7}"
EndProject
Project("{FAE04EC0-301F-11D3-BF4B-00C04F79EFBC}") = "Mathtone.MIST.Builder", "Mathtone.MIST.Builder\Mathtone.MIST.Builder.csproj", "{DFCA8EFA-E023-4E42-BA06-974C2B195424}"
EndProject
Project("{FAE04EC0-301F-11D3-BF4B-00C04F79EFBC}") = "Mathtone.MIST.Tests.NotifierBase", "Mathtone.MIST.Tests.NotifierBase\Mathtone.MIST.Tests.NotifierBase.csproj", "{0167CB9B-1D5C-4005-99F0-757C81C5255D}"
EndProject
Project("{FAE04EC0-301F-11D3-BF4B-00C04F79EFBC}") = "Mathtone.MIST.TestNotifier", "Mathtone.MIST.TestNotifier\Mathtone.MIST.TestNotifier.csproj", "{86543E8C-8D30-451F-B0A6-274262E31D0A}"
EndProject
Project("{FAE04EC0-301F-11D3-BF4B-00C04F79EFBC}") = "Mathtone.MIST.Tests.Canon", "Mathtone.MIST.Tests.Canon\Mathtone.MIST.Tests.Canon.csproj", "{8EDF4429-251A-416D-BB68-93F227191BCF}"
EndProject
Global
	GlobalSection(SolutionConfigurationPlatforms) = preSolution
		Debug|Any CPU = Debug|Any CPU
		net_2_0_Release|Any CPU = net_2_0_Release|Any CPU
		net_3_5_Debug|Any CPU = net_3_5_Debug|Any CPU
		net_3_5_Release|Any CPU = net_3_5_Release|Any CPU
		net_4_0_Debug|Any CPU = net_4_0_Debug|Any CPU
		net_4_0_Release|Any CPU = net_4_0_Release|Any CPU
		net_4_5_Debug|Any CPU = net_4_5_Debug|Any CPU
		net_4_5_Release|Any CPU = net_4_5_Release|Any CPU
		net_4_6_debug|Any CPU = net_4_6_debug|Any CPU
		net_4_6_Release|Any CPU = net_4_6_Release|Any CPU
		net_4_7_debug|Any CPU = net_4_7_debug|Any CPU
		net_4_7_release|Any CPU = net_4_7_release|Any CPU
		pcl_Debug|Any CPU = pcl_Debug|Any CPU
		pcl_Release|Any CPU = pcl_Release|Any CPU
		Release|Any CPU = Release|Any CPU
	EndGlobalSection
	GlobalSection(ProjectConfigurationPlatforms) = postSolution
		{6CAFC0C6-A428-4D30-A9F9-700E829FEA51}.Debug|Any CPU.ActiveCfg = Debug|Any CPU
		{6CAFC0C6-A428-4D30-A9F9-700E829FEA51}.Debug|Any CPU.Build.0 = Debug|Any CPU
		{6CAFC0C6-A428-4D30-A9F9-700E829FEA51}.net_2_0_Release|Any CPU.ActiveCfg = Release|Any CPU
		{6CAFC0C6-A428-4D30-A9F9-700E829FEA51}.net_2_0_Release|Any CPU.Build.0 = Release|Any CPU
		{6CAFC0C6-A428-4D30-A9F9-700E829FEA51}.net_3_5_Debug|Any CPU.ActiveCfg = Debug|Any CPU
		{6CAFC0C6-A428-4D30-A9F9-700E829FEA51}.net_3_5_Debug|Any CPU.Build.0 = Debug|Any CPU
		{6CAFC0C6-A428-4D30-A9F9-700E829FEA51}.net_3_5_Release|Any CPU.ActiveCfg = Release|Any CPU
		{6CAFC0C6-A428-4D30-A9F9-700E829FEA51}.net_3_5_Release|Any CPU.Build.0 = Release|Any CPU
		{6CAFC0C6-A428-4D30-A9F9-700E829FEA51}.net_4_0_Debug|Any CPU.ActiveCfg = Debug|Any CPU
		{6CAFC0C6-A428-4D30-A9F9-700E829FEA51}.net_4_0_Debug|Any CPU.Build.0 = Debug|Any CPU
		{6CAFC0C6-A428-4D30-A9F9-700E829FEA51}.net_4_0_Release|Any CPU.ActiveCfg = Release|Any CPU
		{6CAFC0C6-A428-4D30-A9F9-700E829FEA51}.net_4_0_Release|Any CPU.Build.0 = Release|Any CPU
		{6CAFC0C6-A428-4D30-A9F9-700E829FEA51}.net_4_5_Debug|Any CPU.ActiveCfg = Debug|Any CPU
		{6CAFC0C6-A428-4D30-A9F9-700E829FEA51}.net_4_5_Debug|Any CPU.Build.0 = Debug|Any CPU
		{6CAFC0C6-A428-4D30-A9F9-700E829FEA51}.net_4_5_Release|Any CPU.ActiveCfg = Release|Any CPU
		{6CAFC0C6-A428-4D30-A9F9-700E829FEA51}.net_4_5_Release|Any CPU.Build.0 = Release|Any CPU
		{6CAFC0C6-A428-4D30-A9F9-700E829FEA51}.net_4_6_debug|Any CPU.ActiveCfg = Release|Any CPU
		{6CAFC0C6-A428-4D30-A9F9-700E829FEA51}.net_4_6_debug|Any CPU.Build.0 = Release|Any CPU
		{6CAFC0C6-A428-4D30-A9F9-700E829FEA51}.net_4_6_Release|Any CPU.ActiveCfg = Release|Any CPU
		{6CAFC0C6-A428-4D30-A9F9-700E829FEA51}.net_4_6_Release|Any CPU.Build.0 = Release|Any CPU
		{6CAFC0C6-A428-4D30-A9F9-700E829FEA51}.net_4_7_debug|Any CPU.ActiveCfg = net_4_7_debug|Any CPU
		{6CAFC0C6-A428-4D30-A9F9-700E829FEA51}.net_4_7_debug|Any CPU.Build.0 = net_4_7_debug|Any CPU
		{6CAFC0C6-A428-4D30-A9F9-700E829FEA51}.net_4_7_release|Any CPU.ActiveCfg = net_4_7_release|Any CPU
		{6CAFC0C6-A428-4D30-A9F9-700E829FEA51}.net_4_7_release|Any CPU.Build.0 = net_4_7_release|Any CPU
		{6CAFC0C6-A428-4D30-A9F9-700E829FEA51}.pcl_Debug|Any CPU.ActiveCfg = Debug|Any CPU
		{6CAFC0C6-A428-4D30-A9F9-700E829FEA51}.pcl_Debug|Any CPU.Build.0 = Debug|Any CPU
		{6CAFC0C6-A428-4D30-A9F9-700E829FEA51}.pcl_Release|Any CPU.ActiveCfg = Release|Any CPU
		{6CAFC0C6-A428-4D30-A9F9-700E829FEA51}.pcl_Release|Any CPU.Build.0 = Release|Any CPU
		{6CAFC0C6-A428-4D30-A9F9-700E829FEA51}.Release|Any CPU.ActiveCfg = Release|Any CPU
		{6CAFC0C6-A428-4D30-A9F9-700E829FEA51}.Release|Any CPU.Build.0 = Release|Any CPU
		{EE44F332-2282-4E09-BFFD-F2A9CCE8D916}.Debug|Any CPU.ActiveCfg = Debug|Any CPU
		{EE44F332-2282-4E09-BFFD-F2A9CCE8D916}.net_2_0_Release|Any CPU.ActiveCfg = Release|Any CPU
		{EE44F332-2282-4E09-BFFD-F2A9CCE8D916}.net_2_0_Release|Any CPU.Build.0 = Release|Any CPU
		{EE44F332-2282-4E09-BFFD-F2A9CCE8D916}.net_3_5_Debug|Any CPU.ActiveCfg = Debug|Any CPU
		{EE44F332-2282-4E09-BFFD-F2A9CCE8D916}.net_3_5_Debug|Any CPU.Build.0 = Debug|Any CPU
		{EE44F332-2282-4E09-BFFD-F2A9CCE8D916}.net_3_5_Release|Any CPU.ActiveCfg = Release|Any CPU
		{EE44F332-2282-4E09-BFFD-F2A9CCE8D916}.net_3_5_Release|Any CPU.Build.0 = Release|Any CPU
		{EE44F332-2282-4E09-BFFD-F2A9CCE8D916}.net_4_0_Debug|Any CPU.ActiveCfg = Debug|Any CPU
		{EE44F332-2282-4E09-BFFD-F2A9CCE8D916}.net_4_0_Release|Any CPU.ActiveCfg = net_4_0_release|Any CPU
		{EE44F332-2282-4E09-BFFD-F2A9CCE8D916}.net_4_5_Debug|Any CPU.ActiveCfg = Debug|Any CPU
		{EE44F332-2282-4E09-BFFD-F2A9CCE8D916}.net_4_5_Debug|Any CPU.Build.0 = Debug|Any CPU
		{EE44F332-2282-4E09-BFFD-F2A9CCE8D916}.net_4_5_Release|Any CPU.ActiveCfg = net_4_5_release|Any CPU
		{EE44F332-2282-4E09-BFFD-F2A9CCE8D916}.net_4_6_debug|Any CPU.ActiveCfg = Release|Any CPU
		{EE44F332-2282-4E09-BFFD-F2A9CCE8D916}.net_4_6_debug|Any CPU.Build.0 = Release|Any CPU
		{EE44F332-2282-4E09-BFFD-F2A9CCE8D916}.net_4_6_Release|Any CPU.ActiveCfg = net_4_6_release|Any CPU
		{EE44F332-2282-4E09-BFFD-F2A9CCE8D916}.net_4_7_debug|Any CPU.ActiveCfg = net_4_7_debug|Any CPU
		{EE44F332-2282-4E09-BFFD-F2A9CCE8D916}.net_4_7_debug|Any CPU.Build.0 = net_4_7_debug|Any CPU
		{EE44F332-2282-4E09-BFFD-F2A9CCE8D916}.net_4_7_release|Any CPU.ActiveCfg = net_4_7_release|Any CPU
		{EE44F332-2282-4E09-BFFD-F2A9CCE8D916}.pcl_Debug|Any CPU.ActiveCfg = Debug|Any CPU
		{EE44F332-2282-4E09-BFFD-F2A9CCE8D916}.pcl_Debug|Any CPU.Build.0 = Debug|Any CPU
		{EE44F332-2282-4E09-BFFD-F2A9CCE8D916}.pcl_Release|Any CPU.ActiveCfg = Release|Any CPU
		{EE44F332-2282-4E09-BFFD-F2A9CCE8D916}.pcl_Release|Any CPU.Build.0 = Release|Any CPU
		{EE44F332-2282-4E09-BFFD-F2A9CCE8D916}.Release|Any CPU.ActiveCfg = net_4_6_release|Any CPU
		{EE44F332-2282-4E09-BFFD-F2A9CCE8D916}.Release|Any CPU.Build.0 = net_4_6_release|Any CPU
		{3F47BA43-4A3D-4F54-ACF6-9FEBCB5B36B7}.Debug|Any CPU.ActiveCfg = Debug|Any CPU
		{3F47BA43-4A3D-4F54-ACF6-9FEBCB5B36B7}.Debug|Any CPU.Build.0 = Debug|Any CPU
		{3F47BA43-4A3D-4F54-ACF6-9FEBCB5B36B7}.net_2_0_Release|Any CPU.ActiveCfg = Release|Any CPU
		{3F47BA43-4A3D-4F54-ACF6-9FEBCB5B36B7}.net_2_0_Release|Any CPU.Build.0 = Release|Any CPU
		{3F47BA43-4A3D-4F54-ACF6-9FEBCB5B36B7}.net_3_5_Debug|Any CPU.ActiveCfg = Debug|Any CPU
		{3F47BA43-4A3D-4F54-ACF6-9FEBCB5B36B7}.net_3_5_Debug|Any CPU.Build.0 = Debug|Any CPU
		{3F47BA43-4A3D-4F54-ACF6-9FEBCB5B36B7}.net_3_5_Release|Any CPU.ActiveCfg = Release|Any CPU
		{3F47BA43-4A3D-4F54-ACF6-9FEBCB5B36B7}.net_3_5_Release|Any CPU.Build.0 = Release|Any CPU
		{3F47BA43-4A3D-4F54-ACF6-9FEBCB5B36B7}.net_4_0_Debug|Any CPU.ActiveCfg = Debug|Any CPU
		{3F47BA43-4A3D-4F54-ACF6-9FEBCB5B36B7}.net_4_0_Debug|Any CPU.Build.0 = Debug|Any CPU
		{3F47BA43-4A3D-4F54-ACF6-9FEBCB5B36B7}.net_4_0_Release|Any CPU.ActiveCfg = Release|Any CPU
		{3F47BA43-4A3D-4F54-ACF6-9FEBCB5B36B7}.net_4_0_Release|Any CPU.Build.0 = Release|Any CPU
		{3F47BA43-4A3D-4F54-ACF6-9FEBCB5B36B7}.net_4_5_Debug|Any CPU.ActiveCfg = Debug|Any CPU
		{3F47BA43-4A3D-4F54-ACF6-9FEBCB5B36B7}.net_4_5_Debug|Any CPU.Build.0 = Debug|Any CPU
		{3F47BA43-4A3D-4F54-ACF6-9FEBCB5B36B7}.net_4_5_Release|Any CPU.ActiveCfg = Release|Any CPU
		{3F47BA43-4A3D-4F54-ACF6-9FEBCB5B36B7}.net_4_5_Release|Any CPU.Build.0 = Release|Any CPU
		{3F47BA43-4A3D-4F54-ACF6-9FEBCB5B36B7}.net_4_6_debug|Any CPU.ActiveCfg = Debug|Any CPU
		{3F47BA43-4A3D-4F54-ACF6-9FEBCB5B36B7}.net_4_6_debug|Any CPU.Build.0 = Debug|Any CPU
		{3F47BA43-4A3D-4F54-ACF6-9FEBCB5B36B7}.net_4_6_Release|Any CPU.ActiveCfg = Release|Any CPU
		{3F47BA43-4A3D-4F54-ACF6-9FEBCB5B36B7}.net_4_6_Release|Any CPU.Build.0 = Release|Any CPU
		{3F47BA43-4A3D-4F54-ACF6-9FEBCB5B36B7}.net_4_7_debug|Any CPU.ActiveCfg = Debug|Any CPU
		{3F47BA43-4A3D-4F54-ACF6-9FEBCB5B36B7}.net_4_7_debug|Any CPU.Build.0 = Debug|Any CPU
		{3F47BA43-4A3D-4F54-ACF6-9FEBCB5B36B7}.net_4_7_release|Any CPU.ActiveCfg = Debug|Any CPU
		{3F47BA43-4A3D-4F54-ACF6-9FEBCB5B36B7}.net_4_7_release|Any CPU.Build.0 = Debug|Any CPU
		{3F47BA43-4A3D-4F54-ACF6-9FEBCB5B36B7}.pcl_Debug|Any CPU.ActiveCfg = Debug|Any CPU
		{3F47BA43-4A3D-4F54-ACF6-9FEBCB5B36B7}.pcl_Debug|Any CPU.Build.0 = Debug|Any CPU
		{3F47BA43-4A3D-4F54-ACF6-9FEBCB5B36B7}.pcl_Release|Any CPU.ActiveCfg = Release|Any CPU
		{3F47BA43-4A3D-4F54-ACF6-9FEBCB5B36B7}.pcl_Release|Any CPU.Build.0 = Release|Any CPU
		{3F47BA43-4A3D-4F54-ACF6-9FEBCB5B36B7}.Release|Any CPU.ActiveCfg = Release|Any CPU
		{3F47BA43-4A3D-4F54-ACF6-9FEBCB5B36B7}.Release|Any CPU.Build.0 = Release|Any CPU
		{DFCA8EFA-E023-4E42-BA06-974C2B195424}.Debug|Any CPU.ActiveCfg = Debug|Any CPU
		{DFCA8EFA-E023-4E42-BA06-974C2B195424}.Debug|Any CPU.Build.0 = Debug|Any CPU
		{DFCA8EFA-E023-4E42-BA06-974C2B195424}.net_2_0_Release|Any CPU.ActiveCfg = Release|Any CPU
		{DFCA8EFA-E023-4E42-BA06-974C2B195424}.net_2_0_Release|Any CPU.Build.0 = Release|Any CPU
		{DFCA8EFA-E023-4E42-BA06-974C2B195424}.net_3_5_Debug|Any CPU.ActiveCfg = Debug|Any CPU
		{DFCA8EFA-E023-4E42-BA06-974C2B195424}.net_3_5_Debug|Any CPU.Build.0 = Debug|Any CPU
		{DFCA8EFA-E023-4E42-BA06-974C2B195424}.net_3_5_Release|Any CPU.ActiveCfg = Release|Any CPU
		{DFCA8EFA-E023-4E42-BA06-974C2B195424}.net_3_5_Release|Any CPU.Build.0 = Release|Any CPU
		{DFCA8EFA-E023-4E42-BA06-974C2B195424}.net_4_0_Debug|Any CPU.ActiveCfg = Debug|Any CPU
		{DFCA8EFA-E023-4E42-BA06-974C2B195424}.net_4_0_Debug|Any CPU.Build.0 = Debug|Any CPU
		{DFCA8EFA-E023-4E42-BA06-974C2B195424}.net_4_0_Release|Any CPU.ActiveCfg = Release|Any CPU
		{DFCA8EFA-E023-4E42-BA06-974C2B195424}.net_4_0_Release|Any CPU.Build.0 = Release|Any CPU
		{DFCA8EFA-E023-4E42-BA06-974C2B195424}.net_4_5_Debug|Any CPU.ActiveCfg = Debug|Any CPU
		{DFCA8EFA-E023-4E42-BA06-974C2B195424}.net_4_5_Debug|Any CPU.Build.0 = Debug|Any CPU
		{DFCA8EFA-E023-4E42-BA06-974C2B195424}.net_4_5_Release|Any CPU.ActiveCfg = Release|Any CPU
		{DFCA8EFA-E023-4E42-BA06-974C2B195424}.net_4_5_Release|Any CPU.Build.0 = Release|Any CPU
		{DFCA8EFA-E023-4E42-BA06-974C2B195424}.net_4_6_debug|Any CPU.ActiveCfg = Debug|Any CPU
		{DFCA8EFA-E023-4E42-BA06-974C2B195424}.net_4_6_debug|Any CPU.Build.0 = Debug|Any CPU
		{DFCA8EFA-E023-4E42-BA06-974C2B195424}.net_4_6_Release|Any CPU.ActiveCfg = Release|Any CPU
		{DFCA8EFA-E023-4E42-BA06-974C2B195424}.net_4_6_Release|Any CPU.Build.0 = Release|Any CPU
		{DFCA8EFA-E023-4E42-BA06-974C2B195424}.net_4_7_debug|Any CPU.ActiveCfg = Debug|Any CPU
		{DFCA8EFA-E023-4E42-BA06-974C2B195424}.net_4_7_debug|Any CPU.Build.0 = Debug|Any CPU
		{DFCA8EFA-E023-4E42-BA06-974C2B195424}.net_4_7_release|Any CPU.ActiveCfg = Debug|Any CPU
		{DFCA8EFA-E023-4E42-BA06-974C2B195424}.net_4_7_release|Any CPU.Build.0 = Debug|Any CPU
		{DFCA8EFA-E023-4E42-BA06-974C2B195424}.pcl_Debug|Any CPU.ActiveCfg = Debug|Any CPU
		{DFCA8EFA-E023-4E42-BA06-974C2B195424}.pcl_Debug|Any CPU.Build.0 = Debug|Any CPU
		{DFCA8EFA-E023-4E42-BA06-974C2B195424}.pcl_Release|Any CPU.ActiveCfg = Release|Any CPU
		{DFCA8EFA-E023-4E42-BA06-974C2B195424}.pcl_Release|Any CPU.Build.0 = Release|Any CPU
		{DFCA8EFA-E023-4E42-BA06-974C2B195424}.Release|Any CPU.ActiveCfg = Release|Any CPU
		{DFCA8EFA-E023-4E42-BA06-974C2B195424}.Release|Any CPU.Build.0 = Release|Any CPU
		{0167CB9B-1D5C-4005-99F0-757C81C5255D}.Debug|Any CPU.ActiveCfg = Debug|Any CPU
		{0167CB9B-1D5C-4005-99F0-757C81C5255D}.Debug|Any CPU.Build.0 = Debug|Any CPU
		{0167CB9B-1D5C-4005-99F0-757C81C5255D}.net_2_0_Release|Any CPU.ActiveCfg = Release|Any CPU
		{0167CB9B-1D5C-4005-99F0-757C81C5255D}.net_2_0_Release|Any CPU.Build.0 = Release|Any CPU
		{0167CB9B-1D5C-4005-99F0-757C81C5255D}.net_3_5_Debug|Any CPU.ActiveCfg = Debug|Any CPU
		{0167CB9B-1D5C-4005-99F0-757C81C5255D}.net_3_5_Debug|Any CPU.Build.0 = Debug|Any CPU
		{0167CB9B-1D5C-4005-99F0-757C81C5255D}.net_3_5_Release|Any CPU.ActiveCfg = Release|Any CPU
		{0167CB9B-1D5C-4005-99F0-757C81C5255D}.net_3_5_Release|Any CPU.Build.0 = Release|Any CPU
		{0167CB9B-1D5C-4005-99F0-757C81C5255D}.net_4_0_Debug|Any CPU.ActiveCfg = Debug|Any CPU
		{0167CB9B-1D5C-4005-99F0-757C81C5255D}.net_4_0_Debug|Any CPU.Build.0 = Debug|Any CPU
		{0167CB9B-1D5C-4005-99F0-757C81C5255D}.net_4_0_Release|Any CPU.ActiveCfg = Release|Any CPU
		{0167CB9B-1D5C-4005-99F0-757C81C5255D}.net_4_0_Release|Any CPU.Build.0 = Release|Any CPU
		{0167CB9B-1D5C-4005-99F0-757C81C5255D}.net_4_5_Debug|Any CPU.ActiveCfg = Debug|Any CPU
		{0167CB9B-1D5C-4005-99F0-757C81C5255D}.net_4_5_Debug|Any CPU.Build.0 = Debug|Any CPU
		{0167CB9B-1D5C-4005-99F0-757C81C5255D}.net_4_5_Release|Any CPU.ActiveCfg = Release|Any CPU
		{0167CB9B-1D5C-4005-99F0-757C81C5255D}.net_4_5_Release|Any CPU.Build.0 = Release|Any CPU
		{0167CB9B-1D5C-4005-99F0-757C81C5255D}.net_4_6_debug|Any CPU.ActiveCfg = Debug|Any CPU
		{0167CB9B-1D5C-4005-99F0-757C81C5255D}.net_4_6_debug|Any CPU.Build.0 = Debug|Any CPU
		{0167CB9B-1D5C-4005-99F0-757C81C5255D}.net_4_6_Release|Any CPU.ActiveCfg = Release|Any CPU
		{0167CB9B-1D5C-4005-99F0-757C81C5255D}.net_4_6_Release|Any CPU.Build.0 = Release|Any CPU
		{0167CB9B-1D5C-4005-99F0-757C81C5255D}.net_4_7_debug|Any CPU.ActiveCfg = Debug|Any CPU
		{0167CB9B-1D5C-4005-99F0-757C81C5255D}.net_4_7_debug|Any CPU.Build.0 = Debug|Any CPU
		{0167CB9B-1D5C-4005-99F0-757C81C5255D}.net_4_7_release|Any CPU.ActiveCfg = Debug|Any CPU
		{0167CB9B-1D5C-4005-99F0-757C81C5255D}.net_4_7_release|Any CPU.Build.0 = Debug|Any CPU
		{0167CB9B-1D5C-4005-99F0-757C81C5255D}.pcl_Debug|Any CPU.ActiveCfg = Debug|Any CPU
		{0167CB9B-1D5C-4005-99F0-757C81C5255D}.pcl_Debug|Any CPU.Build.0 = Debug|Any CPU
		{0167CB9B-1D5C-4005-99F0-757C81C5255D}.pcl_Release|Any CPU.ActiveCfg = Release|Any CPU
		{0167CB9B-1D5C-4005-99F0-757C81C5255D}.pcl_Release|Any CPU.Build.0 = Release|Any CPU
		{0167CB9B-1D5C-4005-99F0-757C81C5255D}.Release|Any CPU.ActiveCfg = Release|Any CPU
		{0167CB9B-1D5C-4005-99F0-757C81C5255D}.Release|Any CPU.Build.0 = Release|Any CPU
		{86543E8C-8D30-451F-B0A6-274262E31D0A}.Debug|Any CPU.ActiveCfg = Debug|Any CPU
		{86543E8C-8D30-451F-B0A6-274262E31D0A}.Debug|Any CPU.Build.0 = Debug|Any CPU
		{86543E8C-8D30-451F-B0A6-274262E31D0A}.net_2_0_Release|Any CPU.ActiveCfg = Release|Any CPU
		{86543E8C-8D30-451F-B0A6-274262E31D0A}.net_2_0_Release|Any CPU.Build.0 = Release|Any CPU
		{86543E8C-8D30-451F-B0A6-274262E31D0A}.net_3_5_Debug|Any CPU.ActiveCfg = Debug|Any CPU
		{86543E8C-8D30-451F-B0A6-274262E31D0A}.net_3_5_Debug|Any CPU.Build.0 = Debug|Any CPU
		{86543E8C-8D30-451F-B0A6-274262E31D0A}.net_3_5_Release|Any CPU.ActiveCfg = Release|Any CPU
		{86543E8C-8D30-451F-B0A6-274262E31D0A}.net_3_5_Release|Any CPU.Build.0 = Release|Any CPU
		{86543E8C-8D30-451F-B0A6-274262E31D0A}.net_4_0_Debug|Any CPU.ActiveCfg = Debug|Any CPU
		{86543E8C-8D30-451F-B0A6-274262E31D0A}.net_4_0_Debug|Any CPU.Build.0 = Debug|Any CPU
		{86543E8C-8D30-451F-B0A6-274262E31D0A}.net_4_0_Release|Any CPU.ActiveCfg = Release|Any CPU
		{86543E8C-8D30-451F-B0A6-274262E31D0A}.net_4_0_Release|Any CPU.Build.0 = Release|Any CPU
		{86543E8C-8D30-451F-B0A6-274262E31D0A}.net_4_5_Debug|Any CPU.ActiveCfg = Debug|Any CPU
		{86543E8C-8D30-451F-B0A6-274262E31D0A}.net_4_5_Debug|Any CPU.Build.0 = Debug|Any CPU
		{86543E8C-8D30-451F-B0A6-274262E31D0A}.net_4_5_Release|Any CPU.ActiveCfg = Release|Any CPU
		{86543E8C-8D30-451F-B0A6-274262E31D0A}.net_4_5_Release|Any CPU.Build.0 = Release|Any CPU
		{86543E8C-8D30-451F-B0A6-274262E31D0A}.net_4_6_debug|Any CPU.ActiveCfg = Debug|Any CPU
		{86543E8C-8D30-451F-B0A6-274262E31D0A}.net_4_6_debug|Any CPU.Build.0 = Debug|Any CPU
		{86543E8C-8D30-451F-B0A6-274262E31D0A}.net_4_6_Release|Any CPU.ActiveCfg = Release|Any CPU
		{86543E8C-8D30-451F-B0A6-274262E31D0A}.net_4_6_Release|Any CPU.Build.0 = Release|Any CPU
		{86543E8C-8D30-451F-B0A6-274262E31D0A}.net_4_7_debug|Any CPU.ActiveCfg = Debug|Any CPU
		{86543E8C-8D30-451F-B0A6-274262E31D0A}.net_4_7_debug|Any CPU.Build.0 = Debug|Any CPU
		{86543E8C-8D30-451F-B0A6-274262E31D0A}.net_4_7_release|Any CPU.ActiveCfg = Debug|Any CPU
		{86543E8C-8D30-451F-B0A6-274262E31D0A}.net_4_7_release|Any CPU.Build.0 = Debug|Any CPU
		{86543E8C-8D30-451F-B0A6-274262E31D0A}.pcl_Debug|Any CPU.ActiveCfg = Debug|Any CPU
		{86543E8C-8D30-451F-B0A6-274262E31D0A}.pcl_Debug|Any CPU.Build.0 = Debug|Any CPU
		{86543E8C-8D30-451F-B0A6-274262E31D0A}.pcl_Release|Any CPU.ActiveCfg = Release|Any CPU
		{86543E8C-8D30-451F-B0A6-274262E31D0A}.pcl_Release|Any CPU.Build.0 = Release|Any CPU
		{86543E8C-8D30-451F-B0A6-274262E31D0A}.Release|Any CPU.ActiveCfg = Release|Any CPU
		{86543E8C-8D30-451F-B0A6-274262E31D0A}.Release|Any CPU.Build.0 = Release|Any CPU
		{8EDF4429-251A-416D-BB68-93F227191BCF}.Debug|Any CPU.ActiveCfg = Debug|Any CPU
		{8EDF4429-251A-416D-BB68-93F227191BCF}.Debug|Any CPU.Build.0 = Debug|Any CPU
		{8EDF4429-251A-416D-BB68-93F227191BCF}.net_2_0_Release|Any CPU.ActiveCfg = Release|Any CPU
		{8EDF4429-251A-416D-BB68-93F227191BCF}.net_2_0_Release|Any CPU.Build.0 = Release|Any CPU
		{8EDF4429-251A-416D-BB68-93F227191BCF}.net_3_5_Debug|Any CPU.ActiveCfg = Debug|Any CPU
		{8EDF4429-251A-416D-BB68-93F227191BCF}.net_3_5_Debug|Any CPU.Build.0 = Debug|Any CPU
		{8EDF4429-251A-416D-BB68-93F227191BCF}.net_3_5_Release|Any CPU.ActiveCfg = Release|Any CPU
		{8EDF4429-251A-416D-BB68-93F227191BCF}.net_3_5_Release|Any CPU.Build.0 = Release|Any CPU
		{8EDF4429-251A-416D-BB68-93F227191BCF}.net_4_0_Debug|Any CPU.ActiveCfg = Debug|Any CPU
		{8EDF4429-251A-416D-BB68-93F227191BCF}.net_4_0_Debug|Any CPU.Build.0 = Debug|Any CPU
		{8EDF4429-251A-416D-BB68-93F227191BCF}.net_4_0_Release|Any CPU.ActiveCfg = Release|Any CPU
		{8EDF4429-251A-416D-BB68-93F227191BCF}.net_4_0_Release|Any CPU.Build.0 = Release|Any CPU
		{8EDF4429-251A-416D-BB68-93F227191BCF}.net_4_5_Debug|Any CPU.ActiveCfg = Debug|Any CPU
		{8EDF4429-251A-416D-BB68-93F227191BCF}.net_4_5_Debug|Any CPU.Build.0 = Debug|Any CPU
		{8EDF4429-251A-416D-BB68-93F227191BCF}.net_4_5_Release|Any CPU.ActiveCfg = Release|Any CPU
		{8EDF4429-251A-416D-BB68-93F227191BCF}.net_4_5_Release|Any CPU.Build.0 = Release|Any CPU
		{8EDF4429-251A-416D-BB68-93F227191BCF}.net_4_6_debug|Any CPU.ActiveCfg = Release|Any CPU
		{8EDF4429-251A-416D-BB68-93F227191BCF}.net_4_6_debug|Any CPU.Build.0 = Release|Any CPU
		{8EDF4429-251A-416D-BB68-93F227191BCF}.net_4_6_Release|Any CPU.ActiveCfg = Release|Any CPU
		{8EDF4429-251A-416D-BB68-93F227191BCF}.net_4_6_Release|Any CPU.Build.0 = Release|Any CPU
		{8EDF4429-251A-416D-BB68-93F227191BCF}.net_4_7_debug|Any CPU.ActiveCfg = Release|Any CPU
		{8EDF4429-251A-416D-BB68-93F227191BCF}.net_4_7_debug|Any CPU.Build.0 = Release|Any CPU
		{8EDF4429-251A-416D-BB68-93F227191BCF}.net_4_7_release|Any CPU.ActiveCfg = Release|Any CPU
		{8EDF4429-251A-416D-BB68-93F227191BCF}.net_4_7_release|Any CPU.Build.0 = Release|Any CPU
		{8EDF4429-251A-416D-BB68-93F227191BCF}.pcl_Debug|Any CPU.ActiveCfg = Debug|Any CPU
		{8EDF4429-251A-416D-BB68-93F227191BCF}.pcl_Debug|Any CPU.Build.0 = Debug|Any CPU
		{8EDF4429-251A-416D-BB68-93F227191BCF}.pcl_Release|Any CPU.ActiveCfg = Release|Any CPU
		{8EDF4429-251A-416D-BB68-93F227191BCF}.pcl_Release|Any CPU.Build.0 = Release|Any CPU
		{8EDF4429-251A-416D-BB68-93F227191BCF}.Release|Any CPU.ActiveCfg = Release|Any CPU
		{8EDF4429-251A-416D-BB68-93F227191BCF}.Release|Any CPU.Build.0 = Release|Any CPU
	EndGlobalSection
	GlobalSection(SolutionProperties) = preSolution
		HideSolutionNode = FALSE
	EndGlobalSection
	GlobalSection(NestedProjects) = preSolution
		{EE44F332-2282-4E09-BFFD-F2A9CCE8D916} = {06497501-7922-440F-91C4-738B687B437D}
		{0167CB9B-1D5C-4005-99F0-757C81C5255D} = {E326ADCC-20FD-47CD-8FAC-EC157424ABC9}
		{86543E8C-8D30-451F-B0A6-274262E31D0A} = {E326ADCC-20FD-47CD-8FAC-EC157424ABC9}
		{8EDF4429-251A-416D-BB68-93F227191BCF} = {E326ADCC-20FD-47CD-8FAC-EC157424ABC9}
	EndGlobalSection
	GlobalSection(ExtensibilityGlobals) = postSolution
		SolutionGuid = {C4B7590D-5DCF-4EF1-8971-02821F50F789}
	EndGlobalSection
EndGlobal
